Microsoft Visual Studio Solution File, Format Version 11.00
# Visual Studio 2008

Project("{EC786AF5-60B4-7DC5-BB54-C93DF6EC5317}") = "Shapeshifter", "Assembly-CSharp.csproj", "{90E80857-8F09-045D-4892-205E881A798F}"
EndProject
Global
	GlobalSection(SolutionConfigurationPlatforms) = preSolution
		Debug|Any CPU = Debug|Any CPU
		Release|Any CPU = Release|Any CPU
	EndGlobalSection
	GlobalSection(ProjectConfigurationPlatforms) = postSolution
		{90E80857-8F09-045D-4892-205E881A798F}.Debug|Any CPU.ActiveCfg = Debug|Any CPU
		{90E80857-8F09-045D-4892-205E881A798F}.Debug|Any CPU.Build.0 = Debug|Any CPU
		{90E80857-8F09-045D-4892-205E881A798F}.Release|Any CPU.ActiveCfg = Release|Any CPU
		{90E80857-8F09-045D-4892-205E881A798F}.Release|Any CPU.Build.0 = Release|Any CPU
	EndGlobalSection
	GlobalSection(SolutionProperties) = preSolution
		HideSolutionNode = FALSE
	EndGlobalSection
	GlobalSection(MonoDevelopProperties) = preSolution
		StartupItem = Assembly-CSharp.csproj
	EndGlobalSection
EndGlobal
